
Microsoft Visual Studio Solution File, Format Version 12.00
# Visual Studio Version 17
VisualStudioVersion = 17.5.002.0
MinimumVisualStudioVersion = 10.0.40219.1
Project("{9A19103F-16F7-4668-BE54-9A1E7A4F7556}") = "Application", "Application\Application.csproj", "{B2A8A25A-5819-48FF-B546-526A7557E5EE}"
EndProject
Project("{9A19103F-16F7-4668-BE54-9A1E7A4F7556}") = "Domain", "Domain\Domain.csproj", "{233FB357-160C-4FCF-971F-1E745C18672C}"
EndProject
Project("{9A19103F-16F7-4668-BE54-9A1E7A4F7556}") = "Infrastructure", "Infrastructure\Infrastructure.csproj", "{A32A2E52-8F48-4C57-90B4-E480FB12D623}"
EndProject
Project("{9A19103F-16F7-4668-BE54-9A1E7A4F7556}") = "Web", "Web\Web.csproj", "{C5F40D2F-5D85-418A-A2BF-D6C55CEB4099}"
EndProject
Global
	GlobalSection(SolutionConfigurationPlatforms) = preSolution
		Debug|Any CPU = Debug|Any CPU
		Release|Any CPU = Release|Any CPU
	EndGlobalSection
	GlobalSection(ProjectConfigurationPlatforms) = postSolution
		{B2A8A25A-5819-48FF-B546-526A7557E5EE}.Debug|Any CPU.ActiveCfg = Debug|Any CPU
		{B2A8A25A-5819-48FF-B546-526A7557E5EE}.Debug|Any CPU.Build.0 = Debug|Any CPU
		{B2A8A25A-5819-48FF-B546-526A7557E5EE}.Release|Any CPU.ActiveCfg = Release|Any CPU
		{B2A8A25A-5819-48FF-B546-526A7557E5EE}.Release|Any CPU.Build.0 = Release|Any CPU
		{233FB357-160C-4FCF-971F-1E745C18672C}.Debug|Any CPU.ActiveCfg = Debug|Any CPU
		{233FB357-160C-4FCF-971F-1E745C18672C}.Debug|Any CPU.Build.0 = Debug|Any CPU
		{233FB357-160C-4FCF-971F-1E745C18672C}.Release|Any CPU.ActiveCfg = Release|Any CPU
		{233FB357-160C-4FCF-971F-1E745C18672C}.Release|Any CPU.Build.0 = Release|Any CPU
		{A32A2E52-8F48-4C57-90B4-E480FB12D623}.Debug|Any CPU.ActiveCfg = Debug|Any CPU
		{A32A2E52-8F48-4C57-90B4-E480FB12D623}.Debug|Any CPU.Build.0 = Debug|Any CPU
		{A32A2E52-8F48-4C57-90B4-E480FB12D623}.Release|Any CPU.ActiveCfg = Release|Any CPU
		{A32A2E52-8F48-4C57-90B4-E480FB12D623}.Release|Any CPU.Build.0 = Release|Any CPU
		{C5F40D2F-5D85-418A-A2BF-D6C55CEB4099}.Debug|Any CPU.ActiveCfg = Debug|Any CPU
		{C5F40D2F-5D85-418A-A2BF-D6C55CEB4099}.Debug|Any CPU.Build.0 = Debug|Any CPU
		{C5F40D2F-5D85-418A-A2BF-D6C55CEB4099}.Release|Any CPU.ActiveCfg = Release|Any CPU
		{C5F40D2F-5D85-418A-A2BF-D6C55CEB4099}.Release|Any CPU.Build.0 = Release|Any CPU
	EndGlobalSection
	GlobalSection(SolutionProperties) = preSolution
		HideSolutionNode = FALSE
	EndGlobalSection
	GlobalSection(ExtensibilityGlobals) = postSolution
		SolutionGuid = {79C0BB42-7840-4DDE-938C-A6697BD8A1DC}
	EndGlobalSection
EndGlobal
